
Microsoft Visual Studio Solution File, Format Version 12.00
# Visual Studio Version 17
VisualStudioVersion = 17.5.33530.505
MinimumVisualStudioVersion = 10.0.40219.1
Project("{FAE04EC0-301F-11D3-BF4B-00C04F79EFBC}") = "Integracion", "Integracion\Integracion.csproj", "{EE40203E-2CA4-42FB-926A-EA0E41B692C6}"
EndProject
Global
	GlobalSection(SolutionConfigurationPlatforms) = preSolution
		Debug|Any CPU = Debug|Any CPU
		Release|Any CPU = Release|Any CPU
	EndGlobalSection
	GlobalSection(ProjectConfigurationPlatforms) = postSolution
		{EE40203E-2CA4-42FB-926A-EA0E41B692C6}.Debug|Any CPU.ActiveCfg = Debug|Any CPU
		{EE40203E-2CA4-42FB-926A-EA0E41B692C6}.Debug|Any CPU.Build.0 = Debug|Any CPU
		{EE40203E-2CA4-42FB-926A-EA0E41B692C6}.Release|Any CPU.ActiveCfg = Release|Any CPU
		{EE40203E-2CA4-42FB-926A-EA0E41B692C6}.Release|Any CPU.Build.0 = Release|Any CPU
	EndGlobalSection
	GlobalSection(SolutionProperties) = preSolution
		HideSolutionNode = FALSE
	EndGlobalSection
	GlobalSection(ExtensibilityGlobals) = postSolution
		SolutionGuid = {FB44FEEC-3EEB-4394-8FDB-7947EB5021AB}
	EndGlobalSection
EndGlobal
